
Microsoft Visual Studio Solution File, Format Version 12.00
# Visual Studio Version 17
VisualStudioVersion = 17.14.36408.4 d17.14
MinimumVisualStudioVersion = 10.0.40219.1
Project("{FAE04EC0-301F-11D3-BF4B-00C04F79EFBC}") = "Toolbox", "Toolbox\Toolbox.csproj", "{5CE67141-003C-41B8-BE24-E73BB9BDAAE4}"
EndProject
Project("{FAE04EC0-301F-11D3-BF4B-00C04F79EFBC}") = "Toolbox.Test", "Toolbox.Test\Toolbox.Test.csproj", "{EC7C10D6-C3FF-4BB0-BC68-4A9995907F9A}"
EndProject
Global
	GlobalSection(SolutionConfigurationPlatforms) = preSolution
		Debug|Any CPU = Debug|Any CPU
		Release|Any CPU = Release|Any CPU
	EndGlobalSection
	GlobalSection(ProjectConfigurationPlatforms) = postSolution
		{5CE67141-003C-41B8-BE24-E73BB9BDAAE4}.Debug|Any CPU.ActiveCfg = Debug|Any CPU
		{5CE67141-003C-41B8-BE24-E73BB9BDAAE4}.Debug|Any CPU.Build.0 = Debug|Any CPU
		{5CE67141-003C-41B8-BE24-E73BB9BDAAE4}.Release|Any CPU.ActiveCfg = Release|Any CPU
		{5CE67141-003C-41B8-BE24-E73BB9BDAAE4}.Release|Any CPU.Build.0 = Release|Any CPU
		{EC7C10D6-C3FF-4BB0-BC68-4A9995907F9A}.Debug|Any CPU.ActiveCfg = Debug|Any CPU
		{EC7C10D6-C3FF-4BB0-BC68-4A9995907F9A}.Debug|Any CPU.Build.0 = Debug|Any CPU
		{EC7C10D6-C3FF-4BB0-BC68-4A9995907F9A}.Release|Any CPU.ActiveCfg = Release|Any CPU
		{EC7C10D6-C3FF-4BB0-BC68-4A9995907F9A}.Release|Any CPU.Build.0 = Release|Any CPU
	EndGlobalSection
	GlobalSection(SolutionProperties) = preSolution
		HideSolutionNode = FALSE
	EndGlobalSection
	GlobalSection(ExtensibilityGlobals) = postSolution
		SolutionGuid = {B36DEA64-A996-4ACF-B54E-48EEA5853F0C}
	EndGlobalSection
EndGlobal
